
Microsoft Visual Studio Solution File, Format Version 12.00
# Visual Studio Version 17
VisualStudioVersion = 17.8.34330.188
MinimumVisualStudioVersion = 10.0.40219.1
Project("{9A19103F-16F7-4668-BE54-9A1E7A4F7556}") = "ToDoListApplication", "ToDoListApplication\ToDoListApplication.csproj", "{D74FC2A5-3C71-4398-A334-C7FB6B17FF0A}"
EndProject
Project("{9A19103F-16F7-4668-BE54-9A1E7A4F7556}") = "ToDoListApplication.DataAccess", "ToDo.DataAccess\ToDoListApplication.DataAccess.csproj", "{1A9D4A80-2A29-401B-A318-B6A795A1854D}"
EndProject
Project("{9A19103F-16F7-4668-BE54-9A1E7A4F7556}") = "ToDoListApplication.Business", "ToDoListApplication.Business\ToDoListApplication.Business.csproj", "{2F48CB1E-A831-49E3-BF49-36087F5EE796}"
EndProject
Global
	GlobalSection(SolutionConfigurationPlatforms) = preSolution
		Debug|Any CPU = Debug|Any CPU
		Release|Any CPU = Release|Any CPU
	EndGlobalSection
	GlobalSection(ProjectConfigurationPlatforms) = postSolution
		{D74FC2A5-3C71-4398-A334-C7FB6B17FF0A}.Debug|Any CPU.ActiveCfg = Debug|Any CPU
		{D74FC2A5-3C71-4398-A334-C7FB6B17FF0A}.Debug|Any CPU.Build.0 = Debug|Any CPU
		{D74FC2A5-3C71-4398-A334-C7FB6B17FF0A}.Release|Any CPU.ActiveCfg = Release|Any CPU
		{D74FC2A5-3C71-4398-A334-C7FB6B17FF0A}.Release|Any CPU.Build.0 = Release|Any CPU
		{1A9D4A80-2A29-401B-A318-B6A795A1854D}.Debug|Any CPU.ActiveCfg = Debug|Any CPU
		{1A9D4A80-2A29-401B-A318-B6A795A1854D}.Debug|Any CPU.Build.0 = Debug|Any CPU
		{1A9D4A80-2A29-401B-A318-B6A795A1854D}.Release|Any CPU.ActiveCfg = Release|Any CPU
		{1A9D4A80-2A29-401B-A318-B6A795A1854D}.Release|Any CPU.Build.0 = Release|Any CPU
		{2F48CB1E-A831-49E3-BF49-36087F5EE796}.Debug|Any CPU.ActiveCfg = Debug|Any CPU
		{2F48CB1E-A831-49E3-BF49-36087F5EE796}.Debug|Any CPU.Build.0 = Debug|Any CPU
		{2F48CB1E-A831-49E3-BF49-36087F5EE796}.Release|Any CPU.ActiveCfg = Release|Any CPU
		{2F48CB1E-A831-49E3-BF49-36087F5EE796}.Release|Any CPU.Build.0 = Release|Any CPU
	EndGlobalSection
	GlobalSection(SolutionProperties) = preSolution
		HideSolutionNode = FALSE
	EndGlobalSection
	GlobalSection(ExtensibilityGlobals) = postSolution
		SolutionGuid = {A0DDE241-15E2-4986-88EF-2677FE788251}
	EndGlobalSection
EndGlobal
